PODS:
  - FlutterMacOS (1.0.0)
  - webview_cef (0.0.1):
    - FlutterMacOS

DEPENDENCIES:
  - FlutterMacOS (from `Flutter/ephemeral`)
  - webview_cef (from `Flutter/ephemeral/.symlinks/plugins/webview_cef/macos`)

EXTERNAL SOURCES:
  FlutterMacOS:
    :path: Flutter/ephemeral
  webview_cef:
    :path: Flutter/ephemeral/.symlinks/plugins/webview_cef/macos

SPEC CHECKSUMS:
  FlutterMacOS: 8f6f14fa908a6fb3fba0cd85dbd81ec4b251fb24
  webview_cef: 12c608e67f95c4db63c82608992495f95c7155a2

PODFILE CHECKSUM: efc549d38699e22fcf5c67a0a5f300c37fcb1d18

COCOAPODS: 1.14.3
